// !$*UTF8*$!
{
	archiveVersion = 1;
	classes = {
	};
	objectVersion = 50;
	objects = {

/* Begin PBXBuildFile section */
		AC8F01C4249BA7A4005D216E /* AddressViewController.swift in Sources */ = {isa = PBXBuildFile; fileRef = AC8F01C3249BA7A4005D216E /* AddressViewController.swift */; };
		AC8F01C6249BA8B7005D216E /* Base.swift in Sources */ = {isa = PBXBuildFile; fileRef = AC8F01C5249BA8B7005D216E /* Base.swift */; };
		ACB7003E249B90D700961D66 /* AppDelegate.swift in Sources */ = {isa = PBXBuildFile; fileRef = ACB7003D249B90D700961D66 /* AppDelegate.swift */; };
		ACB70040249B90D700961D66 /* SceneDelegate.swift in Sources */ = {isa = PBXBuildFile; fileRef = ACB7003F249B90D700961D66 /* SceneDelegate.swift */; };
		ACB70042249B90D700961D66 /* NewAddressViewController.swift in Sources */ = {isa = PBXBuildFile; fileRef = ACB70041249B90D700961D66 /* NewAddressViewController.swift */; };
		ACB70045249B90D700961D66 /* Main.storyboard in Resources */ = {isa = PBXBuildFile; fileRef = ACB70043249B90D700961D66 /* Main.storyboard */; };
		ACB70047249B90DA00961D66 /* Assets.xcassets in Resources */ = {isa = PBXBuildFile; fileRef = ACB70046249B90DA00961D66 /* Assets.xcassets */; };
		ACB7004A249B90DA00961D66 /* LaunchScreen.storyboard in Resources */ = {isa = PBXBuildFile; fileRef = ACB70048249B90DA00961D66 /* LaunchScreen.storyboard */; };
		ACB70052249BA0A700961D66 /* Keys.swift in Sources */ = {isa = PBXBuildFile; fileRef = ACB70051249BA0A700961D66 /* Keys.swift */; };
/* End PBXBuildFile section */

/* Begin PBXFileReference section */
		AC8F01C3249BA7A4005D216E /* AddressViewController.swift */ = {isa = PBXFileReference; lastKnownFileType = sourcecode.swift; path = AddressViewController.swift; sourceTree = "<group>"; };
		AC8F01C5249BA8B7005D216E /* Base.swift */ = {isa = PBXFileReference; lastKnownFileType = sourcecode.swift; path = Base.swift; sourceTree = "<group>"; };
		ACB7003A249B90D700961D66 /* UserDefaults - LBTA.app */ = {isa = PBXFileReference; explicitFileType = wrapper.application; includeInIndex = 0; path = "UserDefaults - LBTA.app"; sourceTree = BUILT_PRODUCTS_DIR; };
		ACB7003D249B90D700961D66 /* AppDelegate.swift */ = {isa = PBXFileReference; lastKnownFileType = sourcecode.swift; path = AppDelegate.swift; sourceTree = "<group>"; };
		ACB7003F249B90D700961D66 /* SceneDelegate.swift */ = {isa = PBXFileReference; lastKnownFileType = sourcecode.swift; path = SceneDelegate.swift; sourceTree = "<group>"; };
		ACB70041249B90D700961D66 /* NewAddressViewController.swift */ = {isa = PBXFileReference; lastKnownFileType = sourcecode.swift; path = NewAddressViewController.swift; sourceTree = "<group>"; };
		ACB70044249B90D700961D66 /* Base */ = {isa = PBXFileReference; lastKnownFileType = file.storyboard; name = Base; path = Base.lproj/Main.storyboard; sourceTree = "<group>"; };
		ACB70046249B90DA00961D66 /* Assets.xcassets */ = {isa = PBXFileReference; lastKnownFileType = folder.assetcatalog; path = Assets.xcassets; sourceTree = "<group>"; };
		ACB70049249B90DA00961D66 /* Base */ = {isa = PBXFileReference; lastKnownFileType = file.storyboard; name = Base; path = Base.lproj/LaunchScreen.storyboard; sourceTree = "<group>"; };
		ACB7004B249B90DA00961D66 /* Info.plist */ = {isa = PBXFileReference; lastKnownFileType = text.plist.xml; path = Info.plist; sourceTree = "<group>"; };
		ACB70051249BA0A700961D66 /* Keys.swift */ = {isa = PBXFileReference; lastKnownFileType = sourcecode.swift; path = Keys.swift; sourceTree = "<group>"; };
/* End PBXFileReference section */

/* Begin PBXFrameworksBuildPhase section */
		ACB70037249B90D700961D66 /* Frameworks */ = {
			isa = PBXFrameworksBuildPhase;
			buildActionMask = 2147483647;
			files = (
			);
			runOnlyForDeploymentPostprocessing = 0;
		};
/* End PBXFrameworksBuildPhase section */

/* Begin PBXGroup section */
		ACB70031249B90D700961D66 = {
			isa = PBXGroup;
			children = (
				ACB7003C249B90D700961D66 /* UserDefaults - LBTA */,
				ACB7003B249B90D700961D66 /* Products */,
			);
			sourceTree = "<group>";
		};
		ACB7003B249B90D700961D66 /* Products */ = {
			isa = PBXGroup;
			children = (
				ACB7003A249B90D700961D66 /* UserDefaults - LBTA.app */,
			);
			name = Products;
			sourceTree = "<group>";
		};
		ACB7003C249B90D700961D66 /* UserDefaults - LBTA */ = {
			isa = PBXGroup;
			children = (
				ACB7003D249B90D700961D66 /* AppDelegate.swift */,
				ACB7003F249B90D700961D66 /* SceneDelegate.swift */,
				ACB70041249B90D700961D66 /* NewAddressViewController.swift */,
				AC8F01C3249BA7A4005D216E /* AddressViewController.swift */,
				AC8F01C5249BA8B7005D216E /* Base.swift */,
				ACB70051249BA0A700961D66 /* Keys.swift */,
				ACB70043249B90D700961D66 /* Main.storyboard */,
				ACB70046249B90DA00961D66 /* Assets.xcassets */,
				ACB70048249B90DA00961D66 /* LaunchScreen.storyboard */,
				ACB7004B249B90DA00961D66 /* Info.plist */,
			);
			path = "UserDefaults - LBTA";
			sourceTree = "<group>";
		};
/* End PBXGroup section */

/* Begin PBXNativeTarget section */
		ACB70039249B90D700961D66 /* UserDefaults - LBTA */ = {
			isa = PBXNativeTarget;
			buildConfigurationList = ACB7004E249B90DA00961D66 /* Build configuration list for PBXNativeTarget "UserDefaults - LBTA" */;
			buildPhases = (
				ACB70036249B90D700961D66 /* Sources */,
				ACB70037249B90D700961D66 /* Frameworks */,
				ACB70038249B90D700961D66 /* Resources */,
			);
			buildRules = (
			);
			dependencies = (
			);
			name = "UserDefaults - LBTA";
			productName = "UserDefaults - LBTA";
			productReference = ACB7003A249B90D700961D66 /* UserDefaults - LBTA.app */;
			productType = "com.apple.product-type.application";
		};
/* End PBXNativeTarget section */

/* Begin PBXProject section */
		ACB70032249B90D700961D66 /* Project object */ = {
			isa = PBXProject;
			attributes = {
				LastSwiftUpdateCheck = 1150;
				LastUpgradeCheck = 1150;
				ORGANIZATIONNAME = "Maxim Granchenko";
				TargetAttributes = {
					ACB70039249B90D700961D66 = {
						CreatedOnToolsVersion = 11.5;
					};
				};
			};
			buildConfigurationList = ACB70035249B90D700961D66 /* Build configuration list for PBXProject "UserDefaults - LBTA" */;
			compatibilityVersion = "Xcode 9.3";
			developmentRegion = en;
			hasScannedForEncodings = 0;
			knownRegions = (
				en,
				Base,
			);
			mainGroup = ACB70031249B90D700961D66;
			productRefGroup = ACB7003B249B90D700961D66 /* Products */;
			projectDirPath = "";
			projectRoot = "";
			targets = (
				ACB70039249B90D700961D66 /* UserDefaults - LBTA */,
			);
		};
/* End PBXProject section */

/* Begin PBXResourcesBuildPhase section */
		ACB70038249B90D700961D66 /* Resources */ = {
			isa = PBXResourcesBuildPhase;
			buildActionMask = 2147483647;
			files = (
				ACB7004A249B90DA00961D66 /* LaunchScreen.storyboard in Resources */,
				ACB70047249B90DA00961D66 /* Assets.xcassets in Resources */,
				ACB70045249B90D700961D66 /* Main.storyboard in Resources */,
			);
			runOnlyForDeploymentPostprocessing = 0;
		};
/* End PBXResourcesBuildPhase section */

/* Begin PBXSourcesBuildPhase section */
		ACB70036249B90D700961D66 /* Sources */ = {
			isa = PBXSourcesBuildPhase;
			buildActionMask = 2147483647;
			files = (
				AC8F01C6249BA8B7005D216E /* Base.swift in Sources */,
				ACB70042249B90D700961D66 /* NewAddressViewController.swift in Sources */,
				ACB70052249BA0A700961D66 /* Keys.swift in Sources */,
				ACB7003E249B90D700961D66 /* AppDelegate.swift in Sources */,
				AC8F01C4249BA7A4005D216E /* AddressViewController.swift in Sources */,
				ACB70040249B90D700961D66 /* SceneDelegate.swift in Sources */,
			);
			runOnlyForDeploymentPostprocessing = 0;
		};
/* End PBXSourcesBuildPhase section */

/* Begin PBXVariantGroup section */
		ACB70043249B90D700961D66 /* Main.storyboard */ = {
			isa = PBXVariantGroup;
			children = (
				ACB70044249B90D700961D66 /* Base */,
			);
			name = Main.storyboard;
			sourceTree = "<group>";
		};
		ACB70048249B90DA00961D66 /* LaunchScreen.storyboard */ = {
			isa = PBXVariantGroup;
			children = (
				ACB70049249B90DA00961D66 /* Base */,
			);
			name = LaunchScreen.storyboard;
			sourceTree = "<group>";
		};
/* End PBXVariantGroup section */

/* Begin XCBuildConfiguration section */
		ACB7004C249B90DA00961D66 /* Debug */ = {
			isa = XCBuildConfiguration;
			buildSettings = {
				ALWAYS_SEARCH_USER_PATHS = NO;
				CLANG_ANALYZER_NONNULL = YES;
				CLANG_ANALYZER_NUMBER_OBJECT_CONVERSION = YES_AGGRESSIVE;
				CLANG_CXX_LANGUAGE_STANDARD = "gnu++14";
				CLANG_CXX_LIBRARY = "libc++";
				CLANG_ENABLE_MODULES = YES;
				CLANG_ENABLE_OBJC_ARC = YES;
				CLANG_ENABLE_OBJC_WEAK = YES;
				CLANG_WARN_BLOCK_CAPTURE_AUTORELEASING = YES;
				CLANG_WARN_BOOL_CONVERSION = YES;
				CLANG_WARN_COMMA = YES;
				CLANG_WARN_CONSTANT_CONVERSION = YES;
				CLANG_WARN_DEPRECATED_OBJC_IMPLEMENTATIONS = YES;
				CLANG_WARN_DIRECT_OBJC_ISA_USAGE = YES_ERROR;
				CLANG_WARN_DOCUMENTATION_COMMENTS = YES;
				CLANG_WARN_EMPTY_BODY = YES;
				CLANG_WARN_ENUM_CONVERSION = YES;
				CLANG_WARN_INFINITE_RECURSION = YES;
				CLANG_WARN_INT_CONVERSION = YES;
				CLANG_WARN_NON_LITERAL_NULL_CONVERSION = YES;
				CLANG_WARN_OBJC_IMPLICIT_RETAIN_SELF = YES;
				CLANG_WARN_OBJC_LITERAL_CONVERSION = YES;
				CLANG_WARN_OBJC_ROOT_CLASS = YES_ERROR;
				CLANG_WARN_RANGE_LOOP_ANALYSIS = YES;
				CLANG_WARN_STRICT_PROTOTYPES = YES;
				CLANG_WARN_SUSPICIOUS_MOVE = YES;
				CLANG_WARN_UNGUARDED_AVAILABILITY = YES_AGGRESSIVE;
				CLANG_WARN_UNREACHABLE_CODE = YES;
				CLANG_WARN__DUPLICATE_METHOD_MATCH = YES;
				COPY_PHASE_STRIP = NO;
				DEBUG_INFORMATION_FORMAT = dwarf;
				ENABLE_STRICT_OBJC_MSGSEND = YES;
				ENABLE_TESTABILITY = YES;
				GCC_C_LANGUAGE_STANDARD = gnu11;
				GCC_DYNAMIC_NO_PIC = NO;
				GCC_NO_COMMON_BLOCKS = YES;
				GCC_OPTIMIZATION_LEVEL = 0;
				GCC_PREPROCESSOR_DEFINITIONS = (
					"DEBUG=1",
					"$(inherited)",
				);
				GCC_WARN_64_TO_32_BIT_CONVERSION = YES;
				GCC_WARN_ABOUT_RETURN_TYPE = YES_ERROR;
				GCC_WARN_UNDECLARED_SELECTOR = YES;
				GCC_WARN_UNINITIALIZED_AUTOS = YES_AGGRESSIVE;
				GCC_WARN_UNUSED_FUNCTION = YES;
				GCC_WARN_UNUSED_VARIABLE = YES;
				IPHONEOS_DEPLOYMENT_TARGET = 13.5;
				MTL_ENABLE_DEBUG_INFO = INCLUDE_SOURCE;
				MTL_FAST_MATH = YES;
				ONLY_ACTIVE_ARCH = YES;
				SDKROOT = iphoneos;
				SWIFT_ACTIVE_COMPILATION_CONDITIONS = DEBUG;
				SWIFT_OPTIMIZATION_LEVEL = "-Onone";
			};
			name = Debug;
		};
		ACB7004D249B90DA00961D66 /* Release */ = {
			isa = XCBuildConfiguration;
			buildSettings = {
				ALWAYS_SEARCH_USER_PATHS = NO;
				CLANG_ANALYZER_NONNULL = YES;
				CLANG_ANALYZER_NUMBER_OBJECT_CONVERSION = YES_AGGRESSIVE;
				CLANG_CXX_LANGUAGE_STANDARD = "gnu++14";
				CLANG_CXX_LIBRARY = "libc++";
				CLANG_ENABLE_MODULES = YES;
				CLANG_ENABLE_OBJC_ARC = YES;
				CLANG_ENABLE_OBJC_WEAK = YES;
				CLANG_WARN_BLOCK_CAPTURE_AUTORELEASING = YES;
				CLANG_WARN_BOOL_CONVERSION = YES;
				CLANG_WARN_COMMA = YES;
				CLANG_WARN_CONSTANT_CONVERSION = YES;
				CLANG_WARN_DEPRECATED_OBJC_IMPLEMENTATIONS = YES;
				CLANG_WARN_DIRECT_OBJC_ISA_USAGE = YES_ERROR;
				CLANG_WARN_DOCUMENTATION_COMMENTS = YES;
				CLANG_WARN_EMPTY_BODY = YES;
				CLANG_WARN_ENUM_CONVERSION = YES;
				CLANG_WARN_INFINITE_RECURSION = YES;
				CLANG_WARN_INT_CONVERSION = YES;
				CLANG_WARN_NON_LITERAL_NULL_CONVERSION = YES;
				CLANG_WARN_OBJC_IMPLICIT_RETAIN_SELF = YES;
				CLANG_WARN_OBJC_LITERAL_CONVERSION = YES;
				CLANG_WARN_OBJC_ROOT_CLASS = YES_ERROR;
				CLANG_WARN_RANGE_LOOP_ANALYSIS = YES;
				CLANG_WARN_STRICT_PROTOTYPES = YES;
				CLANG_WARN_SUSPICIOUS_MOVE = YES;
				CLANG_WARN_UNGUARDED_AVAILABILITY = YES_AGGRESSIVE;
				CLANG_WARN_UNREACHABLE_CODE = YES;
				CLANG_WARN__DUPLICATE_METHOD_MATCH = YES;
				COPY_PHASE_STRIP = NO;
				DEBUG_INFORMATION_FORMAT = "dwarf-with-dsym";
				ENABLE_NS_ASSERTIONS = NO;
				ENABLE_STRICT_OBJC_MSGSEND = YES;
				GCC_C_LANGUAGE_STANDARD = gnu11;
				GCC_NO_COMMON_BLOCKS = YES;
				GCC_WARN_64_TO_32_BIT_CONVERSION = YES;
				GCC_WARN_ABOUT_RETURN_TYPE = YES_ERROR;
				GCC_WARN_UNDECLARED_SELECTOR = YES;
				GCC_WARN_UNINITIALIZED_AUTOS = YES_AGGRESSIVE;
				GCC_WARN_UNUSED_FUNCTION = YES;
				GCC_WARN_UNUSED_VARIABLE = YES;
				IPHONEOS_DEPLOYMENT_TARGET = 13.5;
				MTL_ENABLE_DEBUG_INFO = NO;
				MTL_FAST_MATH = YES;
				SDKROOT = iphoneos;
				SWIFT_COMPILATION_MODE = wholemodule;
				SWIFT_OPTIMIZATION_LEVEL = "-O";
				VALIDATE_PRODUCT = YES;
			};
			name = Release;
		};
		ACB7004F249B90DA00961D66 /* Debug */ = {
			isa = XCBuildConfiguration;
			buildSettings = {
				ASSETCATALOG_COMPILER_APPICON_NAME = AppIcon;
				CODE_SIGN_STYLE = Automatic;
				DEVELOPMENT_TEAM = R4XB56HC9M;
				INFOPLIST_FILE = "UserDefaults - LBTA/Info.plist";
				LD_RUNPATH_SEARCH_PATHS = (
					"$(inherited)",
					"@executable_path/Frameworks",
				);
				PRODUCT_BUNDLE_IDENTIFIER = "iMaxiOS.UserDefaults---LBTA";
				PRODUCT_NAME = "$(TARGET_NAME)";
				SWIFT_VERSION = 5.0;
				TARGETED_DEVICE_FAMILY = "1,2";
			};
			name = Debug;
		};
		ACB70050249B90DA00961D66 /* Release */ = {
			isa = XCBuildConfiguration;
			buildSettings = {
				ASSETCATALOG_COMPILER_APPICON_NAME = AppIcon;
				CODE_SIGN_STYLE = Automatic;
				DEVELOPMENT_TEAM = R4XB56HC9M;
				INFOPLIST_FILE = "UserDefaults - LBTA/Info.plist";
				LD_RUNPATH_SEARCH_PATHS = (
					"$(inherited)",
					"@executable_path/Frameworks",
				);
				PRODUCT_BUNDLE_IDENTIFIER = "iMaxiOS.UserDefaults---LBTA";
				PRODUCT_NAME = "$(TARGET_NAME)";
				SWIFT_VERSION = 5.0;
				TARGETED_DEVICE_FAMILY = "1,2";
			};
			name = Release;
		};
/* End XCBuildConfiguration section */

/* Begin XCConfigurationList section */
		ACB70035249B90D700961D66 /* Build configuration list for PBXProject "UserDefaults - LBTA" */ = {
			isa = XCConfigurationList;
			buildConfigurations = (
				ACB7004C249B90DA00961D66 /* Debug */,
				ACB7004D249B90DA00961D66 /* Release */,
			);
			defaultConfigurationIsVisible = 0;
			defaultConfigurationName = Release;
		};
		ACB7004E249B90DA00961D66 /* Build configuration list for PBXNativeTarget "UserDefaults - LBTA" */ = {
			isa = XCConfigurationList;
			buildConfigurations = (
				ACB7004F249B90DA00961D66 /* Debug */,
				ACB70050249B90DA00961D66 /* Release */,
			);
			defaultConfigurationIsVisible = 0;
			defaultConfigurationName = Release;
		};
/* End XCConfigurationList section */
	};
	rootObject = ACB70032249B90D700961D66 /* Project object */;
}
